{
  "models": [
    {
      "name": "sotto-cleanup-lfm25-350m-q4_k_m.gguf",
      "size_bytes": 229311200,
      "sha256": "6cd4dfed74fa20121a3144866fdc3853a680b764f21f2eaaa83811c396f00f3a",
      "url": "https://huggingface.co/baddu/sotto-cleanup-lfm25-350m-GGUF/resolve/main/sotto-cleanup-lfm25-350m-q4_k_m.gguf",
      "license": "LFM Open License v1.0"
    }
  ]
}
